
Microsoft Visual Studio Solution File, Format Version 12.00
# Visual Studio Version 17
VisualStudioVersion = 17.8.34330.188
MinimumVisualStudioVersion = 10.0.40219.1
Project("{FAE04EC0-301F-11D3-BF4B-00C04F79EFBC}") = "ASP-NET-CORE-API-For-Shop", "ASP-NET-CORE-API-For-Shop.csproj", "{AB688D8B-166C-42FA-9BA0-69B1D407F189}"
EndProject
Global
	GlobalSection(SolutionConfigurationPlatforms) = preSolution
		Debug|Any CPU = Debug|Any CPU
		Release|Any CPU = Release|Any CPU
	EndGlobalSection
	GlobalSection(ProjectConfigurationPlatforms) = postSolution
		{AB688D8B-166C-42FA-9BA0-69B1D407F189}.Debug|Any CPU.ActiveCfg = Debug|Any CPU
		{AB688D8B-166C-42FA-9BA0-69B1D407F189}.Debug|Any CPU.Build.0 = Debug|Any CPU
		{AB688D8B-166C-42FA-9BA0-69B1D407F189}.Release|Any CPU.ActiveCfg = Release|Any CPU
		{AB688D8B-166C-42FA-9BA0-69B1D407F189}.Release|Any CPU.Build.0 = Release|Any CPU
	EndGlobalSection
	GlobalSection(SolutionProperties) = preSolution
		HideSolutionNode = FALSE
	EndGlobalSection
	GlobalSection(ExtensibilityGlobals) = postSolution
		SolutionGuid = {BEAFDABB-15CB-4800-A327-05B97432D57E}
	EndGlobalSection
EndGlobal
